
Microsoft Visual Studio Solution File, Format Version 12.00
# Visual Studio Version 16
VisualStudioVersion = 16.0.29306.81
MinimumVisualStudioVersion = 10.0.40219.1
Project("{FAE04EC0-301F-11D3-BF4B-00C04F79EFBC}") = "01_Report_Repair", "01_Report_Repair\01_Report_Repair.csproj", "{A23E6005-64CE-4537-A195-B3FFA8A31218}"
EndProject
Global
	GlobalSection(SolutionConfigurationPlatforms) = preSolution
		Debug|Any CPU = Debug|Any CPU
		Release|Any CPU = Release|Any CPU
	EndGlobalSection
	GlobalSection(ProjectConfigurationPlatforms) = postSolution
		{A23E6005-64CE-4537-A195-B3FFA8A31218}.Debug|Any CPU.ActiveCfg = Debug|Any CPU
		{A23E6005-64CE-4537-A195-B3FFA8A31218}.Debug|Any CPU.Build.0 = Debug|Any CPU
		{A23E6005-64CE-4537-A195-B3FFA8A31218}.Release|Any CPU.ActiveCfg = Release|Any CPU
		{A23E6005-64CE-4537-A195-B3FFA8A31218}.Release|Any CPU.Build.0 = Release|Any CPU
	EndGlobalSection
	GlobalSection(SolutionProperties) = preSolution
		HideSolutionNode = FALSE
	EndGlobalSection
	GlobalSection(ExtensibilityGlobals) = postSolution
		SolutionGuid = {BC03B262-878D-4308-BD8D-B7583F9D1E73}
	EndGlobalSection
EndGlobal
