
Microsoft Visual Studio Solution File, Format Version 12.00
# Visual Studio Version 16
VisualStudioVersion = 16.0.29306.81
MinimumVisualStudioVersion = 10.0.40219.1
Project("{9A19103F-16F7-4668-BE54-9A1E7A4F7556}") = "01_Report_Repair", "01_Report_Repair\01_Report_Repair.csproj", "{A23E6005-64CE-4537-A195-B3FFA8A31218}"
EndProject
Project("{9A19103F-16F7-4668-BE54-9A1E7A4F7556}") = "02_Password_Philosophy", "02_Password_Philosophy\02_Password_Philosophy.csproj", "{C4AA503A-5572-48AC-8724-C1783855C109}"
EndProject
Project("{9A19103F-16F7-4668-BE54-9A1E7A4F7556}") = "Utils", "Utils\Utils.csproj", "{ACCF849F-24EC-4947-8102-1C01A90654B4}"
EndProject
Project("{9A19103F-16F7-4668-BE54-9A1E7A4F7556}") = "03_Toboggan_Trajectory", "03_Toboggan_Trajectory\03_Toboggan_Trajectory.csproj", "{8AC60172-6E93-453F-9E14-D21BCFF8F722}"
EndProject
Project("{FAE04EC0-301F-11D3-BF4B-00C04F79EFBC}") = "04_Passport_Processing", "04_Passport_Processing\04_Passport_Processing.csproj", "{FC758B87-592D-47CD-8CB0-B667887DD9AF}"
EndProject
Project("{FAE04EC0-301F-11D3-BF4B-00C04F79EFBC}") = "05_Binary_Boarding", "05_Binary_Boarding\05_Binary_Boarding.csproj", "{2B7666A1-51E1-433D-9729-0D44C2ED9FDB}"
EndProject
Global
	GlobalSection(SolutionConfigurationPlatforms) = preSolution
		Debug|Any CPU = Debug|Any CPU
		Release|Any CPU = Release|Any CPU
	EndGlobalSection
	GlobalSection(ProjectConfigurationPlatforms) = postSolution
		{A23E6005-64CE-4537-A195-B3FFA8A31218}.Debug|Any CPU.ActiveCfg = Debug|Any CPU
		{A23E6005-64CE-4537-A195-B3FFA8A31218}.Debug|Any CPU.Build.0 = Debug|Any CPU
		{A23E6005-64CE-4537-A195-B3FFA8A31218}.Release|Any CPU.ActiveCfg = Release|Any CPU
		{A23E6005-64CE-4537-A195-B3FFA8A31218}.Release|Any CPU.Build.0 = Release|Any CPU
		{C4AA503A-5572-48AC-8724-C1783855C109}.Debug|Any CPU.ActiveCfg = Debug|Any CPU
		{C4AA503A-5572-48AC-8724-C1783855C109}.Debug|Any CPU.Build.0 = Debug|Any CPU
		{C4AA503A-5572-48AC-8724-C1783855C109}.Release|Any CPU.ActiveCfg = Release|Any CPU
		{C4AA503A-5572-48AC-8724-C1783855C109}.Release|Any CPU.Build.0 = Release|Any CPU
		{ACCF849F-24EC-4947-8102-1C01A90654B4}.Debug|Any CPU.ActiveCfg = Debug|Any CPU
		{ACCF849F-24EC-4947-8102-1C01A90654B4}.Debug|Any CPU.Build.0 = Debug|Any CPU
		{ACCF849F-24EC-4947-8102-1C01A90654B4}.Release|Any CPU.ActiveCfg = Release|Any CPU
		{ACCF849F-24EC-4947-8102-1C01A90654B4}.Release|Any CPU.Build.0 = Release|Any CPU
		{8AC60172-6E93-453F-9E14-D21BCFF8F722}.Debug|Any CPU.ActiveCfg = Debug|Any CPU
		{8AC60172-6E93-453F-9E14-D21BCFF8F722}.Debug|Any CPU.Build.0 = Debug|Any CPU
		{8AC60172-6E93-453F-9E14-D21BCFF8F722}.Release|Any CPU.ActiveCfg = Release|Any CPU
		{8AC60172-6E93-453F-9E14-D21BCFF8F722}.Release|Any CPU.Build.0 = Release|Any CPU
		{FC758B87-592D-47CD-8CB0-B667887DD9AF}.Debug|Any CPU.ActiveCfg = Debug|Any CPU
		{FC758B87-592D-47CD-8CB0-B667887DD9AF}.Debug|Any CPU.Build.0 = Debug|Any CPU
		{FC758B87-592D-47CD-8CB0-B667887DD9AF}.Release|Any CPU.ActiveCfg = Release|Any CPU
		{FC758B87-592D-47CD-8CB0-B667887DD9AF}.Release|Any CPU.Build.0 = Release|Any CPU
		{2B7666A1-51E1-433D-9729-0D44C2ED9FDB}.Debug|Any CPU.ActiveCfg = Debug|Any CPU
		{2B7666A1-51E1-433D-9729-0D44C2ED9FDB}.Debug|Any CPU.Build.0 = Debug|Any CPU
		{2B7666A1-51E1-433D-9729-0D44C2ED9FDB}.Release|Any CPU.ActiveCfg = Release|Any CPU
		{2B7666A1-51E1-433D-9729-0D44C2ED9FDB}.Release|Any CPU.Build.0 = Release|Any CPU
	EndGlobalSection
	GlobalSection(SolutionProperties) = preSolution
		HideSolutionNode = FALSE
	EndGlobalSection
	GlobalSection(ExtensibilityGlobals) = postSolution
		SolutionGuid = {BC03B262-878D-4308-BD8D-B7583F9D1E73}
	EndGlobalSection
EndGlobal
