
Microsoft Visual Studio Solution File, Format Version 12.00
# Visual Studio Version 16
VisualStudioVersion = 16.0.29306.81
MinimumVisualStudioVersion = 10.0.40219.1
Project("{9A19103F-16F7-4668-BE54-9A1E7A4F7556}") = "01_Report_Repair", "01_Report_Repair\01_Report_Repair.csproj", "{A23E6005-64CE-4537-A195-B3FFA8A31218}"
EndProject
Project("{9A19103F-16F7-4668-BE54-9A1E7A4F7556}") = "02_Password_Philosophy", "02_Password_Philosophy\02_Password_Philosophy.csproj", "{C4AA503A-5572-48AC-8724-C1783855C109}"
EndProject
Project("{9A19103F-16F7-4668-BE54-9A1E7A4F7556}") = "Utils", "Utils\Utils.csproj", "{ACCF849F-24EC-4947-8102-1C01A90654B4}"
EndProject
Project("{9A19103F-16F7-4668-BE54-9A1E7A4F7556}") = "03_Toboggan_Trajectory", "03_Toboggan_Trajectory\03_Toboggan_Trajectory.csproj", "{8AC60172-6E93-453F-9E14-D21BCFF8F722}"
EndProject
Project("{9A19103F-16F7-4668-BE54-9A1E7A4F7556}") = "04_Passport_Processing", "04_Passport_Processing\04_Passport_Processing.csproj", "{FC758B87-592D-47CD-8CB0-B667887DD9AF}"
EndProject
Project("{9A19103F-16F7-4668-BE54-9A1E7A4F7556}") = "05_Binary_Boarding", "05_Binary_Boarding\05_Binary_Boarding.csproj", "{2B7666A1-51E1-433D-9729-0D44C2ED9FDB}"
EndProject
Project("{9A19103F-16F7-4668-BE54-9A1E7A4F7556}") = "06_Custom_Customs", "06_Custom_Customs\06_Custom_Customs.csproj", "{E7412F8C-DBA8-4437-AD95-620B39CFD3B5}"
EndProject
Project("{9A19103F-16F7-4668-BE54-9A1E7A4F7556}") = "07_Handy_Haversacks", "07_Handy_Haversacks\07_Handy_Haversacks.csproj", "{F97DA77C-EE0F-4D5C-976C-583FFC412928}"
EndProject
Project("{9A19103F-16F7-4668-BE54-9A1E7A4F7556}") = "08_Handheld_Halting", "08_Handheld_Halting\08_Handheld_Halting.csproj", "{68F8B7F9-DBC2-4733-8D0F-D672B6C7E63C}"
EndProject
Project("{9A19103F-16F7-4668-BE54-9A1E7A4F7556}") = "09_Encoding_Error", "09_Encoding_Error\09_Encoding_Error.csproj", "{6C66D4C3-CB5A-4FF3-8E2E-E90097F7ACD2}"
EndProject
Project("{9A19103F-16F7-4668-BE54-9A1E7A4F7556}") = "10_Adapter_Array", "10_Adapter_Array\10_Adapter_Array.csproj", "{792409B4-DD41-4C3C-92BF-814EA096579F}"
EndProject
Project("{FAE04EC0-301F-11D3-BF4B-00C04F79EFBC}") = "11_Seating_System", "11_Seating_System\11_Seating_System.csproj", "{9D0A92C9-9EAA-4B93-8AFE-0A3BEF705627}"
EndProject
Global
	GlobalSection(SolutionConfigurationPlatforms) = preSolution
		Debug|Any CPU = Debug|Any CPU
		Release|Any CPU = Release|Any CPU
	EndGlobalSection
	GlobalSection(ProjectConfigurationPlatforms) = postSolution
		{A23E6005-64CE-4537-A195-B3FFA8A31218}.Debug|Any CPU.ActiveCfg = Debug|Any CPU
		{A23E6005-64CE-4537-A195-B3FFA8A31218}.Debug|Any CPU.Build.0 = Debug|Any CPU
		{A23E6005-64CE-4537-A195-B3FFA8A31218}.Release|Any CPU.ActiveCfg = Release|Any CPU
		{A23E6005-64CE-4537-A195-B3FFA8A31218}.Release|Any CPU.Build.0 = Release|Any CPU
		{C4AA503A-5572-48AC-8724-C1783855C109}.Debug|Any CPU.ActiveCfg = Debug|Any CPU
		{C4AA503A-5572-48AC-8724-C1783855C109}.Debug|Any CPU.Build.0 = Debug|Any CPU
		{C4AA503A-5572-48AC-8724-C1783855C109}.Release|Any CPU.ActiveCfg = Release|Any CPU
		{C4AA503A-5572-48AC-8724-C1783855C109}.Release|Any CPU.Build.0 = Release|Any CPU
		{ACCF849F-24EC-4947-8102-1C01A90654B4}.Debug|Any CPU.ActiveCfg = Debug|Any CPU
		{ACCF849F-24EC-4947-8102-1C01A90654B4}.Debug|Any CPU.Build.0 = Debug|Any CPU
		{ACCF849F-24EC-4947-8102-1C01A90654B4}.Release|Any CPU.ActiveCfg = Release|Any CPU
		{ACCF849F-24EC-4947-8102-1C01A90654B4}.Release|Any CPU.Build.0 = Release|Any CPU
		{8AC60172-6E93-453F-9E14-D21BCFF8F722}.Debug|Any CPU.ActiveCfg = Debug|Any CPU
		{8AC60172-6E93-453F-9E14-D21BCFF8F722}.Debug|Any CPU.Build.0 = Debug|Any CPU
		{8AC60172-6E93-453F-9E14-D21BCFF8F722}.Release|Any CPU.ActiveCfg = Release|Any CPU
		{8AC60172-6E93-453F-9E14-D21BCFF8F722}.Release|Any CPU.Build.0 = Release|Any CPU
		{FC758B87-592D-47CD-8CB0-B667887DD9AF}.Debug|Any CPU.ActiveCfg = Debug|Any CPU
		{FC758B87-592D-47CD-8CB0-B667887DD9AF}.Debug|Any CPU.Build.0 = Debug|Any CPU
		{FC758B87-592D-47CD-8CB0-B667887DD9AF}.Release|Any CPU.ActiveCfg = Release|Any CPU
		{FC758B87-592D-47CD-8CB0-B667887DD9AF}.Release|Any CPU.Build.0 = Release|Any CPU
		{2B7666A1-51E1-433D-9729-0D44C2ED9FDB}.Debug|Any CPU.ActiveCfg = Debug|Any CPU
		{2B7666A1-51E1-433D-9729-0D44C2ED9FDB}.Debug|Any CPU.Build.0 = Debug|Any CPU
		{2B7666A1-51E1-433D-9729-0D44C2ED9FDB}.Release|Any CPU.ActiveCfg = Release|Any CPU
		{2B7666A1-51E1-433D-9729-0D44C2ED9FDB}.Release|Any CPU.Build.0 = Release|Any CPU
		{E7412F8C-DBA8-4437-AD95-620B39CFD3B5}.Debug|Any CPU.ActiveCfg = Debug|Any CPU
		{E7412F8C-DBA8-4437-AD95-620B39CFD3B5}.Debug|Any CPU.Build.0 = Debug|Any CPU
		{E7412F8C-DBA8-4437-AD95-620B39CFD3B5}.Release|Any CPU.ActiveCfg = Release|Any CPU
		{E7412F8C-DBA8-4437-AD95-620B39CFD3B5}.Release|Any CPU.Build.0 = Release|Any CPU
		{F97DA77C-EE0F-4D5C-976C-583FFC412928}.Debug|Any CPU.ActiveCfg = Debug|Any CPU
		{F97DA77C-EE0F-4D5C-976C-583FFC412928}.Debug|Any CPU.Build.0 = Debug|Any CPU
		{F97DA77C-EE0F-4D5C-976C-583FFC412928}.Release|Any CPU.ActiveCfg = Release|Any CPU
		{F97DA77C-EE0F-4D5C-976C-583FFC412928}.Release|Any CPU.Build.0 = Release|Any CPU
		{68F8B7F9-DBC2-4733-8D0F-D672B6C7E63C}.Debug|Any CPU.ActiveCfg = Debug|Any CPU
		{68F8B7F9-DBC2-4733-8D0F-D672B6C7E63C}.Debug|Any CPU.Build.0 = Debug|Any CPU
		{68F8B7F9-DBC2-4733-8D0F-D672B6C7E63C}.Release|Any CPU.ActiveCfg = Release|Any CPU
		{68F8B7F9-DBC2-4733-8D0F-D672B6C7E63C}.Release|Any CPU.Build.0 = Release|Any CPU
		{6C66D4C3-CB5A-4FF3-8E2E-E90097F7ACD2}.Debug|Any CPU.ActiveCfg = Debug|Any CPU
		{6C66D4C3-CB5A-4FF3-8E2E-E90097F7ACD2}.Debug|Any CPU.Build.0 = Debug|Any CPU
		{6C66D4C3-CB5A-4FF3-8E2E-E90097F7ACD2}.Release|Any CPU.ActiveCfg = Release|Any CPU
		{6C66D4C3-CB5A-4FF3-8E2E-E90097F7ACD2}.Release|Any CPU.Build.0 = Release|Any CPU
		{792409B4-DD41-4C3C-92BF-814EA096579F}.Debug|Any CPU.ActiveCfg = Debug|Any CPU
		{792409B4-DD41-4C3C-92BF-814EA096579F}.Debug|Any CPU.Build.0 = Debug|Any CPU
		{792409B4-DD41-4C3C-92BF-814EA096579F}.Release|Any CPU.ActiveCfg = Release|Any CPU
		{792409B4-DD41-4C3C-92BF-814EA096579F}.Release|Any CPU.Build.0 = Release|Any CPU
		{9D0A92C9-9EAA-4B93-8AFE-0A3BEF705627}.Debug|Any CPU.ActiveCfg = Debug|Any CPU
		{9D0A92C9-9EAA-4B93-8AFE-0A3BEF705627}.Debug|Any CPU.Build.0 = Debug|Any CPU
		{9D0A92C9-9EAA-4B93-8AFE-0A3BEF705627}.Release|Any CPU.ActiveCfg = Release|Any CPU
		{9D0A92C9-9EAA-4B93-8AFE-0A3BEF705627}.Release|Any CPU.Build.0 = Release|Any CPU
	EndGlobalSection
	GlobalSection(SolutionProperties) = preSolution
		HideSolutionNode = FALSE
	EndGlobalSection
	GlobalSection(ExtensibilityGlobals) = postSolution
		SolutionGuid = {BC03B262-878D-4308-BD8D-B7583F9D1E73}
	EndGlobalSection
EndGlobal
